
Microsoft Visual Studio Solution File, Format Version 12.00
# Visual Studio Version 17
VisualStudioVersion = 17.3.32901.215
MinimumVisualStudioVersion = 10.0.40219.1
Project("{FAE04EC0-301F-11D3-BF4B-00C04F79EFBC}") = "game01", "game01\game01.csproj", "{FF588A3F-9437-455D-A165-AB24548608D2}"
EndProject
Global
	GlobalSection(SolutionConfigurationPlatforms) = preSolution
		Debug|Any CPU = Debug|Any CPU
		Release|Any CPU = Release|Any CPU
	EndGlobalSection
	GlobalSection(ProjectConfigurationPlatforms) = postSolution
		{FF588A3F-9437-455D-A165-AB24548608D2}.Debug|Any CPU.ActiveCfg = Debug|Any CPU
		{FF588A3F-9437-455D-A165-AB24548608D2}.Debug|Any CPU.Build.0 = Debug|Any CPU
		{FF588A3F-9437-455D-A165-AB24548608D2}.Release|Any CPU.ActiveCfg = Release|Any CPU
		{FF588A3F-9437-455D-A165-AB24548608D2}.Release|Any CPU.Build.0 = Release|Any CPU
	EndGlobalSection
	GlobalSection(SolutionProperties) = preSolution
		HideSolutionNode = FALSE
	EndGlobalSection
	GlobalSection(ExtensibilityGlobals) = postSolution
		SolutionGuid = {396B89DA-0A35-47FE-9CEC-70561385B970}
	EndGlobalSection
EndGlobal
